// !$*UTF8*$!
{
	archiveVersion = 1;
	classes = {
	};
	objectVersion = 50;
	objects = {

/* Begin PBXBuildFile section */
		088ED90AFD19F4B928611CF5 /* Pods_SpinKitExample.framework in Frameworks */ = {isa = PBXBuildFile; fileRef = AE1FB5E9D76B25F2CEF26396 /* Pods_SpinKitExample.framework */; };
		B01774A02208DF0B002BEB9E /* SpinKit.h in Headers */ = {isa = PBXBuildFile; fileRef = B017749E2208DF0B002BEB9E /* SpinKit.h */; settings = {ATTRIBUTES = (Public, ); }; };
		B01774A32208DF0B002BEB9E /* SpinKit.framework in Frameworks */ = {isa = PBXBuildFile; fileRef = B017749C2208DF0B002BEB9E /* SpinKit.framework */; };
		B01774A42208DF0B002BEB9E /* SpinKit.framework in Embed Frameworks */ = {isa = PBXBuildFile; fileRef = B017749C2208DF0B002BEB9E /* SpinKit.framework */; settings = {ATTRIBUTES = (CodeSignOnCopy, RemoveHeadersOnCopy, ); }; };
		B01774A92208DF4D002BEB9E /* ChasingDotsSpinner.swift in Sources */ = {isa = PBXBuildFile; fileRef = B01774A82208DF4D002BEB9E /* ChasingDotsSpinner.swift */; };
		B01774B52208DFB9002BEB9E /* DoubleBounceSpinner.swift in Sources */ = {isa = PBXBuildFile; fileRef = B01774AA2208DFB8002BEB9E /* DoubleBounceSpinner.swift */; };
		B01774B62208DFB9002BEB9E /* ThreeBounceSpinner.swift in Sources */ = {isa = PBXBuildFile; fileRef = B01774AB2208DFB8002BEB9E /* ThreeBounceSpinner.swift */; };
		B01774B72208DFB9002BEB9E /* PulseSpinner.swift in Sources */ = {isa = PBXBuildFile; fileRef = B01774AC2208DFB8002BEB9E /* PulseSpinner.swift */; };
		B01774B82208DFB9002BEB9E /* FadingCircleSpinner.swift in Sources */ = {isa = PBXBuildFile; fileRef = B01774AD2208DFB8002BEB9E /* FadingCircleSpinner.swift */; };
		B01774B92208DFB9002BEB9E /* CircleSpinner.swift in Sources */ = {isa = PBXBuildFile; fileRef = B01774AE2208DFB8002BEB9E /* CircleSpinner.swift */; };
		B01774BA2208DFB9002BEB9E /* FoldingCubeSpinner.swift in Sources */ = {isa = PBXBuildFile; fileRef = B01774AF2208DFB8002BEB9E /* FoldingCubeSpinner.swift */; };
		B01774BB2208DFB9002BEB9E /* RotatingPlaneSpinner.swift in Sources */ = {isa = PBXBuildFile; fileRef = B01774B02208DFB8002BEB9E /* RotatingPlaneSpinner.swift */; };
		B01774BC2208DFB9002BEB9E /* Spinner.swift in Sources */ = {isa = PBXBuildFile; fileRef = B01774B12208DFB8002BEB9E /* Spinner.swift */; };
		B01774BD2208DFB9002BEB9E /* WaveSpinner.swift in Sources */ = {isa = PBXBuildFile; fileRef = B01774B22208DFB9002BEB9E /* WaveSpinner.swift */; };
		B01774BE2208DFB9002BEB9E /* CubeGridSpinner.swift in Sources */ = {isa = PBXBuildFile; fileRef = B01774B32208DFB9002BEB9E /* CubeGridSpinner.swift */; };
		B01774BF2208DFB9002BEB9E /* WanderingCubesSpinner.swift in Sources */ = {isa = PBXBuildFile; fileRef = B01774B42208DFB9002BEB9E /* WanderingCubesSpinner.swift */; };
		B09DE6F821F760A60017C93C /* AppDelegate.swift in Sources */ = {isa = PBXBuildFile; fileRef = B09DE6F721F760A60017C93C /* AppDelegate.swift */; };
		B09DE6FA21F760A60017C93C /* ViewController.swift in Sources */ = {isa = PBXBuildFile; fileRef = B09DE6F921F760A60017C93C /* ViewController.swift */; };
		B09DE6FF21F760A70017C93C /* Assets.xcassets in Resources */ = {isa = PBXBuildFile; fileRef = B09DE6FE21F760A70017C93C /* Assets.xcassets */; };
		B09DE70221F760A70017C93C /* LaunchScreen.storyboard in Resources */ = {isa = PBXBuildFile; fileRef = B09DE70021F760A70017C93C /* LaunchScreen.storyboard */; };
		B09DE70A21F761780017C93C /* ViewController.xib in Resources */ = {isa = PBXBuildFile; fileRef = B09DE70921F761780017C93C /* ViewController.xib */; };
/* End PBXBuildFile section */

/* Begin PBXContainerItemProxy section */
		B01774A12208DF0B002BEB9E /* PBXContainerItemProxy */ = {
			isa = PBXContainerItemProxy;
			containerPortal = B09DE6EC21F760A60017C93C /* Project object */;
			proxyType = 1;
			remoteGlobalIDString = B017749B2208DF0B002BEB9E;
			remoteInfo = SpinKit;
		};
/* End PBXContainerItemProxy section */

/* Begin PBXCopyFilesBuildPhase section */
		B09DE71C21F761A70017C93C /* Embed Frameworks */ = {
			isa = PBXCopyFilesBuildPhase;
			buildActionMask = 2147483647;
			dstPath = "";
			dstSubfolderSpec = 10;
			files = (
				B01774A42208DF0B002BEB9E /* SpinKit.framework in Embed Frameworks */,
			);
			name = "Embed Frameworks";
			runOnlyForDeploymentPostprocessing = 0;
		};
/* End PBXCopyFilesBuildPhase section */

/* Begin PBXFileReference section */
		AE1FB5E9D76B25F2CEF26396 /* Pods_SpinKitExample.framework */ = {isa = PBXFileReference; explicitFileType = wrapper.framework; includeInIndex = 0; path = Pods_SpinKitExample.framework; sourceTree = BUILT_PRODUCTS_DIR; };
		B017749C2208DF0B002BEB9E /* SpinKit.framework */ = {isa = PBXFileReference; explicitFileType = wrapper.framework; includeInIndex = 0; path = SpinKit.framework; sourceTree = BUILT_PRODUCTS_DIR; };
		B017749E2208DF0B002BEB9E /* SpinKit.h */ = {isa = PBXFileReference; lastKnownFileType = sourcecode.c.h; path = SpinKit.h; sourceTree = "<group>"; };
		B017749F2208DF0B002BEB9E /* Info.plist */ = {isa = PBXFileReference; lastKnownFileType = text.plist.xml; path = Info.plist; sourceTree = "<group>"; };
		B01774A82208DF4D002BEB9E /* ChasingDotsSpinner.swift */ = {isa = PBXFileReference; fileEncoding = 4; lastKnownFileType = sourcecode.swift; name = ChasingDotsSpinner.swift; path = ../../SpinKit/ChasingDotsSpinner.swift; sourceTree = "<group>"; };
		B01774AA2208DFB8002BEB9E /* DoubleBounceSpinner.swift */ = {isa = PBXFileReference; fileEncoding = 4; lastKnownFileType = sourcecode.swift; name = DoubleBounceSpinner.swift; path = ../../SpinKit/DoubleBounceSpinner.swift; sourceTree = "<group>"; };
		B01774AB2208DFB8002BEB9E /* ThreeBounceSpinner.swift */ = {isa = PBXFileReference; fileEncoding = 4; lastKnownFileType = sourcecode.swift; name = ThreeBounceSpinner.swift; path = ../../SpinKit/ThreeBounceSpinner.swift; sourceTree = "<group>"; };
		B01774AC2208DFB8002BEB9E /* PulseSpinner.swift */ = {isa = PBXFileReference; fileEncoding = 4; lastKnownFileType = sourcecode.swift; name = PulseSpinner.swift; path = ../../SpinKit/PulseSpinner.swift; sourceTree = "<group>"; };
		B01774AD2208DFB8002BEB9E /* FadingCircleSpinner.swift */ = {isa = PBXFileReference; fileEncoding = 4; lastKnownFileType = sourcecode.swift; name = FadingCircleSpinner.swift; path = ../../SpinKit/FadingCircleSpinner.swift; sourceTree = "<group>"; };
		B01774AE2208DFB8002BEB9E /* CircleSpinner.swift */ = {isa = PBXFileReference; fileEncoding = 4; lastKnownFileType = sourcecode.swift; name = CircleSpinner.swift; path = ../../SpinKit/CircleSpinner.swift; sourceTree = "<group>"; };
		B01774AF2208DFB8002BEB9E /* FoldingCubeSpinner.swift */ = {isa = PBXFileReference; fileEncoding = 4; lastKnownFileType = sourcecode.swift; name = FoldingCubeSpinner.swift; path = ../../SpinKit/FoldingCubeSpinner.swift; sourceTree = "<group>"; };
		B01774B02208DFB8002BEB9E /* RotatingPlaneSpinner.swift */ = {isa = PBXFileReference; fileEncoding = 4; lastKnownFileType = sourcecode.swift; name = RotatingPlaneSpinner.swift; path = ../../SpinKit/RotatingPlaneSpinner.swift; sourceTree = "<group>"; };
		B01774B12208DFB8002BEB9E /* Spinner.swift */ = {isa = PBXFileReference; fileEncoding = 4; lastKnownFileType = sourcecode.swift; name = Spinner.swift; path = ../../SpinKit/Spinner.swift; sourceTree = "<group>"; };
		B01774B22208DFB9002BEB9E /* WaveSpinner.swift */ = {isa = PBXFileReference; fileEncoding = 4; lastKnownFileType = sourcecode.swift; name = WaveSpinner.swift; path = ../../SpinKit/WaveSpinner.swift; sourceTree = "<group>"; };
		B01774B32208DFB9002BEB9E /* CubeGridSpinner.swift */ = {isa = PBXFileReference; fileEncoding = 4; lastKnownFileType = sourcecode.swift; name = CubeGridSpinner.swift; path = ../../SpinKit/CubeGridSpinner.swift; sourceTree = "<group>"; };
		B01774B42208DFB9002BEB9E /* WanderingCubesSpinner.swift */ = {isa = PBXFileReference; fileEncoding = 4; lastKnownFileType = sourcecode.swift; name = WanderingCubesSpinner.swift; path = ../../SpinKit/WanderingCubesSpinner.swift; sourceTree = "<group>"; };
		B09DE6F421F760A60017C93C /* SpinKitExample.app */ = {isa = PBXFileReference; explicitFileType = wrapper.application; includeInIndex = 0; path = SpinKitExample.app; sourceTree = BUILT_PRODUCTS_DIR; };
		B09DE6F721F760A60017C93C /* AppDelegate.swift */ = {isa = PBXFileReference; lastKnownFileType = sourcecode.swift; path = AppDelegate.swift; sourceTree = "<group>"; };
		B09DE6F921F760A60017C93C /* ViewController.swift */ = {isa = PBXFileReference; lastKnownFileType = sourcecode.swift; path = ViewController.swift; sourceTree = "<group>"; };
		B09DE6FE21F760A70017C93C /* Assets.xcassets */ = {isa = PBXFileReference; lastKnownFileType = folder.assetcatalog; path = Assets.xcassets; sourceTree = "<group>"; };
		B09DE70121F760A70017C93C /* Base */ = {isa = PBXFileReference; lastKnownFileType = file.storyboard; name = Base; path = Base.lproj/LaunchScreen.storyboard; sourceTree = "<group>"; };
		B09DE70321F760A70017C93C /* Info.plist */ = {isa = PBXFileReference; lastKnownFileType = text.plist.xml; path = Info.plist; sourceTree = "<group>"; };
		B09DE70921F761780017C93C /* ViewController.xib */ = {isa = PBXFileReference; fileEncoding = 4; lastKnownFileType = file.xib; path = ViewController.xib; sourceTree = "<group>"; };
		BA1643D0613AFC91453D55BE /* Pods-SpinKitExample.debug.xcconfig */ = {isa = PBXFileReference; includeInIndex = 1; lastKnownFileType = text.xcconfig; name = "Pods-SpinKitExample.debug.xcconfig"; path = "Pods/Target Support Files/Pods-SpinKitExample/Pods-SpinKitExample.debug.xcconfig"; sourceTree = "<group>"; };
		C380925AC0D3089583CF3493 /* Pods-SpinKitExample.release.xcconfig */ = {isa = PBXFileReference; includeInIndex = 1; lastKnownFileType = text.xcconfig; name = "Pods-SpinKitExample.release.xcconfig"; path = "Pods/Target Support Files/Pods-SpinKitExample/Pods-SpinKitExample.release.xcconfig"; sourceTree = "<group>"; };
/* End PBXFileReference section */

/* Begin PBXFrameworksBuildPhase section */
		B01774992208DF0B002BEB9E /* Frameworks */ = {
			isa = PBXFrameworksBuildPhase;
			buildActionMask = 2147483647;
			files = (
			);
			runOnlyForDeploymentPostprocessing = 0;
		};
		B09DE6F121F760A60017C93C /* Frameworks */ = {
			isa = PBXFrameworksBuildPhase;
			buildActionMask = 2147483647;
			files = (
				088ED90AFD19F4B928611CF5 /* Pods_SpinKitExample.framework in Frameworks */,
				B01774A32208DF0B002BEB9E /* SpinKit.framework in Frameworks */,
			);
			runOnlyForDeploymentPostprocessing = 0;
		};
/* End PBXFrameworksBuildPhase section */

/* Begin PBXGroup section */
		237DC65BD33B095694C49213 /* Pods */ = {
			isa = PBXGroup;
			children = (
				BA1643D0613AFC91453D55BE /* Pods-SpinKitExample.debug.xcconfig */,
				C380925AC0D3089583CF3493 /* Pods-SpinKitExample.release.xcconfig */,
			);
			name = Pods;
			sourceTree = "<group>";
		};
		B017749D2208DF0B002BEB9E /* SpinKit */ = {
			isa = PBXGroup;
			children = (
				B01774AE2208DFB8002BEB9E /* CircleSpinner.swift */,
				B01774B32208DFB9002BEB9E /* CubeGridSpinner.swift */,
				B01774AA2208DFB8002BEB9E /* DoubleBounceSpinner.swift */,
				B01774AD2208DFB8002BEB9E /* FadingCircleSpinner.swift */,
				B01774AF2208DFB8002BEB9E /* FoldingCubeSpinner.swift */,
				B01774AC2208DFB8002BEB9E /* PulseSpinner.swift */,
				B01774B02208DFB8002BEB9E /* RotatingPlaneSpinner.swift */,
				B01774B12208DFB8002BEB9E /* Spinner.swift */,
				B01774AB2208DFB8002BEB9E /* ThreeBounceSpinner.swift */,
				B01774B42208DFB9002BEB9E /* WanderingCubesSpinner.swift */,
				B01774B22208DFB9002BEB9E /* WaveSpinner.swift */,
				B01774A82208DF4D002BEB9E /* ChasingDotsSpinner.swift */,
				B017749E2208DF0B002BEB9E /* SpinKit.h */,
				B017749F2208DF0B002BEB9E /* Info.plist */,
			);
			path = SpinKit;
			sourceTree = "<group>";
		};
		B09DE6EB21F760A60017C93C = {
			isa = PBXGroup;
			children = (
				B09DE6F621F760A60017C93C /* SpinKitExample */,
				B017749D2208DF0B002BEB9E /* SpinKit */,
				B09DE6F521F760A60017C93C /* Products */,
				237DC65BD33B095694C49213 /* Pods */,
				FA0B36323CC3AC3F551C3B17 /* Frameworks */,
			);
			sourceTree = "<group>";
		};
		B09DE6F521F760A60017C93C /* Products */ = {
			isa = PBXGroup;
			children = (
				B09DE6F421F760A60017C93C /* SpinKitExample.app */,
				B017749C2208DF0B002BEB9E /* SpinKit.framework */,
			);
			name = Products;
			sourceTree = "<group>";
		};
		B09DE6F621F760A60017C93C /* SpinKitExample */ = {
			isa = PBXGroup;
			children = (
				B09DE6F721F760A60017C93C /* AppDelegate.swift */,
				B09DE6F921F760A60017C93C /* ViewController.swift */,
				B09DE70921F761780017C93C /* ViewController.xib */,
				B09DE6FE21F760A70017C93C /* Assets.xcassets */,
				B09DE70021F760A70017C93C /* LaunchScreen.storyboard */,
				B09DE70321F760A70017C93C /* Info.plist */,
			);
			path = SpinKitExample;
			sourceTree = "<group>";
		};
		FA0B36323CC3AC3F551C3B17 /* Frameworks */ = {
			isa = PBXGroup;
			children = (
				AE1FB5E9D76B25F2CEF26396 /* Pods_SpinKitExample.framework */,
			);
			name = Frameworks;
			sourceTree = "<group>";
		};
/* End PBXGroup section */

/* Begin PBXHeadersBuildPhase section */
		B01774972208DF0B002BEB9E /* Headers */ = {
			isa = PBXHeadersBuildPhase;
			buildActionMask = 2147483647;
			files = (
				B01774A02208DF0B002BEB9E /* SpinKit.h in Headers */,
			);
			runOnlyForDeploymentPostprocessing = 0;
		};
/* End PBXHeadersBuildPhase section */

/* Begin PBXNativeTarget section */
		B017749B2208DF0B002BEB9E /* SpinKit */ = {
			isa = PBXNativeTarget;
			buildConfigurationList = B01774A72208DF0C002BEB9E /* Build configuration list for PBXNativeTarget "SpinKit" */;
			buildPhases = (
				B01774972208DF0B002BEB9E /* Headers */,
				B01774982208DF0B002BEB9E /* Sources */,
				B01774992208DF0B002BEB9E /* Frameworks */,
				B017749A2208DF0B002BEB9E /* Resources */,
			);
			buildRules = (
			);
			dependencies = (
			);
			name = SpinKit;
			productName = SpinKit;
			productReference = B017749C2208DF0B002BEB9E /* SpinKit.framework */;
			productType = "com.apple.product-type.framework";
		};
		B09DE6F321F760A60017C93C /* SpinKitExample */ = {
			isa = PBXNativeTarget;
			buildConfigurationList = B09DE70621F760A70017C93C /* Build configuration list for PBXNativeTarget "SpinKitExample" */;
			buildPhases = (
				41722DAB452A826A5623653B /* [CP] Check Pods Manifest.lock */,
				B09DE6F021F760A60017C93C /* Sources */,
				B09DE6F121F760A60017C93C /* Frameworks */,
				B09DE6F221F760A60017C93C /* Resources */,
				BC4F215FBBE5FAC7FAB7E942 /* [CP] Embed Pods Frameworks */,
				B09DE71C21F761A70017C93C /* Embed Frameworks */,
			);
			buildRules = (
			);
			dependencies = (
				B01774A22208DF0B002BEB9E /* PBXTargetDependency */,
			);
			name = SpinKitExample;
			productName = SpinKitExample;
			productReference = B09DE6F421F760A60017C93C /* SpinKitExample.app */;
			productType = "com.apple.product-type.application";
		};
/* End PBXNativeTarget section */

/* Begin PBXProject section */
		B09DE6EC21F760A60017C93C /* Project object */ = {
			isa = PBXProject;
			attributes = {
				LastSwiftUpdateCheck = 1010;
				LastUpgradeCheck = 1010;
				ORGANIZATIONNAME = "Fernando Moya de Rivas";
				TargetAttributes = {
					B017749B2208DF0B002BEB9E = {
						CreatedOnToolsVersion = 10.1;
						LastSwiftMigration = 1010;
					};
					B09DE6F321F760A60017C93C = {
						CreatedOnToolsVersion = 10.1;
					};
				};
			};
			buildConfigurationList = B09DE6EF21F760A60017C93C /* Build configuration list for PBXProject "SpinKitExample" */;
			compatibilityVersion = "Xcode 9.3";
			developmentRegion = en;
			hasScannedForEncodings = 0;
			knownRegions = (
				en,
				Base,
			);
			mainGroup = B09DE6EB21F760A60017C93C;
			productRefGroup = B09DE6F521F760A60017C93C /* Products */;
			projectDirPath = "";
			projectRoot = "";
			targets = (
				B09DE6F321F760A60017C93C /* SpinKitExample */,
				B017749B2208DF0B002BEB9E /* SpinKit */,
			);
		};
/* End PBXProject section */

/* Begin PBXResourcesBuildPhase section */
		B017749A2208DF0B002BEB9E /* Resources */ = {
			isa = PBXResourcesBuildPhase;
			buildActionMask = 2147483647;
			files = (
			);
			runOnlyForDeploymentPostprocessing = 0;
		};
		B09DE6F221F760A60017C93C /* Resources */ = {
			isa = PBXResourcesBuildPhase;
			buildActionMask = 2147483647;
			files = (
				B09DE70221F760A70017C93C /* LaunchScreen.storyboard in Resources */,
				B09DE70A21F761780017C93C /* ViewController.xib in Resources */,
				B09DE6FF21F760A70017C93C /* Assets.xcassets in Resources */,
			);
			runOnlyForDeploymentPostprocessing = 0;
		};
/* End PBXResourcesBuildPhase section */

/* Begin PBXShellScriptBuildPhase section */
		41722DAB452A826A5623653B /* [CP] Check Pods Manifest.lock */ = {
			isa = PBXShellScriptBuildPhase;
			buildActionMask = 2147483647;
			files = (
			);
			inputFileListPaths = (
			);
			inputPaths = (
				"${PODS_PODFILE_DIR_PATH}/Podfile.lock",
				"${PODS_ROOT}/Manifest.lock",
			);
			name = "[CP] Check Pods Manifest.lock";
			outputFileListPaths = (
			);
			outputPaths = (
				"$(DERIVED_FILE_DIR)/Pods-SpinKitExample-checkManifestLockResult.txt",
			);
			runOnlyForDeploymentPostprocessing = 0;
			shellPath = /bin/sh;
			shellScript = "diff \"${PODS_PODFILE_DIR_PATH}/Podfile.lock\" \"${PODS_ROOT}/Manifest.lock\" > /dev/null\nif [ $? != 0 ] ; then\n    # print error to STDERR\n    echo \"error: The sandbox is not in sync with the Podfile.lock. Run 'pod install' or update your CocoaPods installation.\" >&2\n    exit 1\nfi\n# This output is used by Xcode 'outputs' to avoid re-running this script phase.\necho \"SUCCESS\" > \"${SCRIPT_OUTPUT_FILE_0}\"\n";
			showEnvVarsInLog = 0;
		};
		BC4F215FBBE5FAC7FAB7E942 /* [CP] Embed Pods Frameworks */ = {
			isa = PBXShellScriptBuildPhase;
			buildActionMask = 2147483647;
			files = (
			);
			inputFileListPaths = (
			);
			inputPaths = (
				"${SRCROOT}/Pods/Target Support Files/Pods-SpinKitExample/Pods-SpinKitExample-frameworks.sh",
				"${BUILT_PRODUCTS_DIR}/ChameleonFramework/ChameleonFramework.framework",
			);
			name = "[CP] Embed Pods Frameworks";
			outputFileListPaths = (
			);
			outputPaths = (
				"${TARGET_BUILD_DIR}/${FRAMEWORKS_FOLDER_PATH}/ChameleonFramework.framework",
			);
			runOnlyForDeploymentPostprocessing = 0;
			shellPath = /bin/sh;
			shellScript = "\"${SRCROOT}/Pods/Target Support Files/Pods-SpinKitExample/Pods-SpinKitExample-frameworks.sh\"\n";
			showEnvVarsInLog = 0;
		};
/* End PBXShellScriptBuildPhase section */

/* Begin PBXSourcesBuildPhase section */
		B01774982208DF0B002BEB9E /* Sources */ = {
			isa = PBXSourcesBuildPhase;
			buildActionMask = 2147483647;
			files = (
				B01774BE2208DFB9002BEB9E /* CubeGridSpinner.swift in Sources */,
				B01774BD2208DFB9002BEB9E /* WaveSpinner.swift in Sources */,
				B01774BA2208DFB9002BEB9E /* FoldingCubeSpinner.swift in Sources */,
				B01774BC2208DFB9002BEB9E /* Spinner.swift in Sources */,
				B01774B52208DFB9002BEB9E /* DoubleBounceSpinner.swift in Sources */,
				B01774B72208DFB9002BEB9E /* PulseSpinner.swift in Sources */,
				B01774BF2208DFB9002BEB9E /* WanderingCubesSpinner.swift in Sources */,
				B01774A92208DF4D002BEB9E /* ChasingDotsSpinner.swift in Sources */,
				B01774BB2208DFB9002BEB9E /* RotatingPlaneSpinner.swift in Sources */,
				B01774B62208DFB9002BEB9E /* ThreeBounceSpinner.swift in Sources */,
				B01774B82208DFB9002BEB9E /* FadingCircleSpinner.swift in Sources */,
				B01774B92208DFB9002BEB9E /* CircleSpinner.swift in Sources */,
			);
			runOnlyForDeploymentPostprocessing = 0;
		};
		B09DE6F021F760A60017C93C /* Sources */ = {
			isa = PBXSourcesBuildPhase;
			buildActionMask = 2147483647;
			files = (
				B09DE6FA21F760A60017C93C /* ViewController.swift in Sources */,
				B09DE6F821F760A60017C93C /* AppDelegate.swift in Sources */,
			);
			runOnlyForDeploymentPostprocessing = 0;
		};
/* End PBXSourcesBuildPhase section */

/* Begin PBXTargetDependency section */
		B01774A22208DF0B002BEB9E /* PBXTargetDependency */ = {
			isa = PBXTargetDependency;
			target = B017749B2208DF0B002BEB9E /* SpinKit */;
			targetProxy = B01774A12208DF0B002BEB9E /* PBXContainerItemProxy */;
		};
/* End PBXTargetDependency section */

/* Begin PBXVariantGroup section */
		B09DE70021F760A70017C93C /* LaunchScreen.storyboard */ = {
			isa = PBXVariantGroup;
			children = (
				B09DE70121F760A70017C93C /* Base */,
			);
			name = LaunchScreen.storyboard;
			sourceTree = "<group>";
		};
/* End PBXVariantGroup section */

/* Begin XCBuildConfiguration section */
		B01774A52208DF0C002BEB9E /* Debug */ = {
			isa = XCBuildConfiguration;
			buildSettings = {
				CLANG_ENABLE_MODULES = YES;
				CODE_SIGN_IDENTITY = "iPhone Developer";
				CODE_SIGN_STYLE = Automatic;
				CURRENT_PROJECT_VERSION = 1;
				DEFINES_MODULE = YES;
				DEVELOPMENT_TEAM = FBA457B3ZU;
				DYLIB_COMPATIBILITY_VERSION = 1;
				DYLIB_CURRENT_VERSION = 1;
				DYLIB_INSTALL_NAME_BASE = "@rpath";
				INFOPLIST_FILE = SpinKit/Info.plist;
				INSTALL_PATH = "$(LOCAL_LIBRARY_DIR)/Frameworks";
				IPHONEOS_DEPLOYMENT_TARGET = 9.0;
				LD_RUNPATH_SEARCH_PATHS = (
					"$(inherited)",
					"@executable_path/Frameworks",
					"@loader_path/Frameworks",
				);
				PRODUCT_BUNDLE_IDENTIFIER = com.spinkit.example.com.SpinKit;
				PRODUCT_NAME = "$(TARGET_NAME:c99extidentifier)";
				SKIP_INSTALL = YES;
				SWIFT_OPTIMIZATION_LEVEL = "-Onone";
				SWIFT_VERSION = 4.2;
				TARGETED_DEVICE_FAMILY = "1,2";
				VERSIONING_SYSTEM = "apple-generic";
				VERSION_INFO_PREFIX = "";
			};
			name = Debug;
		};
		B01774A62208DF0C002BEB9E /* Release */ = {
			isa = XCBuildConfiguration;
			buildSettings = {
				CLANG_ENABLE_MODULES = YES;
				CODE_SIGN_IDENTITY = "iPhone Developer";
				CODE_SIGN_STYLE = Automatic;
				CURRENT_PROJECT_VERSION = 1;
				DEFINES_MODULE = YES;
				DEVELOPMENT_TEAM = FBA457B3ZU;
				DYLIB_COMPATIBILITY_VERSION = 1;
				DYLIB_CURRENT_VERSION = 1;
				DYLIB_INSTALL_NAME_BASE = "@rpath";
				INFOPLIST_FILE = SpinKit/Info.plist;
				INSTALL_PATH = "$(LOCAL_LIBRARY_DIR)/Frameworks";
				IPHONEOS_DEPLOYMENT_TARGET = 9.0;
				LD_RUNPATH_SEARCH_PATHS = (
					"$(inherited)",
					"@executable_path/Frameworks",
					"@loader_path/Frameworks",
				);
				PRODUCT_BUNDLE_IDENTIFIER = com.spinkit.example.com.SpinKit;
				PRODUCT_NAME = "$(TARGET_NAME:c99extidentifier)";
				SKIP_INSTALL = YES;
				SWIFT_VERSION = 4.2;
				TARGETED_DEVICE_FAMILY = "1,2";
				VERSIONING_SYSTEM = "apple-generic";
				VERSION_INFO_PREFIX = "";
			};
			name = Release;
		};
		B09DE70421F760A70017C93C /* Debug */ = {
			isa = XCBuildConfiguration;
			buildSettings = {
				ALWAYS_SEARCH_USER_PATHS = NO;
				CLANG_ANALYZER_NONNULL = YES;
				CLANG_ANALYZER_NUMBER_OBJECT_CONVERSION = YES_AGGRESSIVE;
				CLANG_CXX_LANGUAGE_STANDARD = "gnu++14";
				CLANG_CXX_LIBRARY = "libc++";
				CLANG_ENABLE_MODULES = YES;
				CLANG_ENABLE_OBJC_ARC = YES;
				CLANG_ENABLE_OBJC_WEAK = YES;
				CLANG_WARN_BLOCK_CAPTURE_AUTORELEASING = YES;
				CLANG_WARN_BOOL_CONVERSION = YES;
				CLANG_WARN_COMMA = YES;
				CLANG_WARN_CONSTANT_CONVERSION = YES;
				CLANG_WARN_DEPRECATED_OBJC_IMPLEMENTATIONS = YES;
				CLANG_WARN_DIRECT_OBJC_ISA_USAGE = YES_ERROR;
				CLANG_WARN_DOCUMENTATION_COMMENTS = YES;
				CLANG_WARN_EMPTY_BODY = YES;
				CLANG_WARN_ENUM_CONVERSION = YES;
				CLANG_WARN_INFINITE_RECURSION = YES;
				CLANG_WARN_INT_CONVERSION = YES;
				CLANG_WARN_NON_LITERAL_NULL_CONVERSION = YES;
				CLANG_WARN_OBJC_IMPLICIT_RETAIN_SELF = YES;
				CLANG_WARN_OBJC_LITERAL_CONVERSION = YES;
				CLANG_WARN_OBJC_ROOT_CLASS = YES_ERROR;
				CLANG_WARN_RANGE_LOOP_ANALYSIS = YES;
				CLANG_WARN_STRICT_PROTOTYPES = YES;
				CLANG_WARN_SUSPICIOUS_MOVE = YES;
				CLANG_WARN_UNGUARDED_AVAILABILITY = YES_AGGRESSIVE;
				CLANG_WARN_UNREACHABLE_CODE = YES;
				CLANG_WARN__DUPLICATE_METHOD_MATCH = YES;
				CODE_SIGN_IDENTITY = "iPhone Developer";
				COPY_PHASE_STRIP = NO;
				DEBUG_INFORMATION_FORMAT = dwarf;
				ENABLE_STRICT_OBJC_MSGSEND = YES;
				ENABLE_TESTABILITY = YES;
				GCC_C_LANGUAGE_STANDARD = gnu11;
				GCC_DYNAMIC_NO_PIC = NO;
				GCC_NO_COMMON_BLOCKS = YES;
				GCC_OPTIMIZATION_LEVEL = 0;
				GCC_PREPROCESSOR_DEFINITIONS = (
					"DEBUG=1",
					"$(inherited)",
				);
				GCC_WARN_64_TO_32_BIT_CONVERSION = YES;
				GCC_WARN_ABOUT_RETURN_TYPE = YES_ERROR;
				GCC_WARN_UNDECLARED_SELECTOR = YES;
				GCC_WARN_UNINITIALIZED_AUTOS = YES_AGGRESSIVE;
				GCC_WARN_UNUSED_FUNCTION = YES;
				GCC_WARN_UNUSED_VARIABLE = YES;
				IPHONEOS_DEPLOYMENT_TARGET = 12.1;
				MTL_ENABLE_DEBUG_INFO = INCLUDE_SOURCE;
				MTL_FAST_MATH = YES;
				ONLY_ACTIVE_ARCH = YES;
				SDKROOT = iphoneos;
				SWIFT_ACTIVE_COMPILATION_CONDITIONS = DEBUG;
				SWIFT_OPTIMIZATION_LEVEL = "-Onone";
			};
			name = Debug;
		};
		B09DE70521F760A70017C93C /* Release */ = {
			isa = XCBuildConfiguration;
			buildSettings = {
				ALWAYS_SEARCH_USER_PATHS = NO;
				CLANG_ANALYZER_NONNULL = YES;
				CLANG_ANALYZER_NUMBER_OBJECT_CONVERSION = YES_AGGRESSIVE;
				CLANG_CXX_LANGUAGE_STANDARD = "gnu++14";
				CLANG_CXX_LIBRARY = "libc++";
				CLANG_ENABLE_MODULES = YES;
				CLANG_ENABLE_OBJC_ARC = YES;
				CLANG_ENABLE_OBJC_WEAK = YES;
				CLANG_WARN_BLOCK_CAPTURE_AUTORELEASING = YES;
				CLANG_WARN_BOOL_CONVERSION = YES;
				CLANG_WARN_COMMA = YES;
				CLANG_WARN_CONSTANT_CONVERSION = YES;
				CLANG_WARN_DEPRECATED_OBJC_IMPLEMENTATIONS = YES;
				CLANG_WARN_DIRECT_OBJC_ISA_USAGE = YES_ERROR;
				CLANG_WARN_DOCUMENTATION_COMMENTS = YES;
				CLANG_WARN_EMPTY_BODY = YES;
				CLANG_WARN_ENUM_CONVERSION = YES;
				CLANG_WARN_INFINITE_RECURSION = YES;
				CLANG_WARN_INT_CONVERSION = YES;
				CLANG_WARN_NON_LITERAL_NULL_CONVERSION = YES;
				CLANG_WARN_OBJC_IMPLICIT_RETAIN_SELF = YES;
				CLANG_WARN_OBJC_LITERAL_CONVERSION = YES;
				CLANG_WARN_OBJC_ROOT_CLASS = YES_ERROR;
				CLANG_WARN_RANGE_LOOP_ANALYSIS = YES;
				CLANG_WARN_STRICT_PROTOTYPES = YES;
				CLANG_WARN_SUSPICIOUS_MOVE = YES;
				CLANG_WARN_UNGUARDED_AVAILABILITY = YES_AGGRESSIVE;
				CLANG_WARN_UNREACHABLE_CODE = YES;
				CLANG_WARN__DUPLICATE_METHOD_MATCH = YES;
				CODE_SIGN_IDENTITY = "iPhone Developer";
				COPY_PHASE_STRIP = NO;
				DEBUG_INFORMATION_FORMAT = "dwarf-with-dsym";
				ENABLE_NS_ASSERTIONS = NO;
				ENABLE_STRICT_OBJC_MSGSEND = YES;
				GCC_C_LANGUAGE_STANDARD = gnu11;
				GCC_NO_COMMON_BLOCKS = YES;
				GCC_WARN_64_TO_32_BIT_CONVERSION = YES;
				GCC_WARN_ABOUT_RETURN_TYPE = YES_ERROR;
				GCC_WARN_UNDECLARED_SELECTOR = YES;
				GCC_WARN_UNINITIALIZED_AUTOS = YES_AGGRESSIVE;
				GCC_WARN_UNUSED_FUNCTION = YES;
				GCC_WARN_UNUSED_VARIABLE = YES;
				IPHONEOS_DEPLOYMENT_TARGET = 12.1;
				MTL_ENABLE_DEBUG_INFO = NO;
				MTL_FAST_MATH = YES;
				SDKROOT = iphoneos;
				SWIFT_COMPILATION_MODE = wholemodule;
				SWIFT_OPTIMIZATION_LEVEL = "-O";
				VALIDATE_PRODUCT = YES;
			};
			name = Release;
		};
		B09DE70721F760A70017C93C /* Debug */ = {
			isa = XCBuildConfiguration;
			baseConfigurationReference = BA1643D0613AFC91453D55BE /* Pods-SpinKitExample.debug.xcconfig */;
			buildSettings = {
				ALWAYS_EMBED_SWIFT_STANDARD_LIBRARIES = YES;
				ASSETCATALOG_COMPILER_APPICON_NAME = AppIcon;
				CODE_SIGN_IDENTITY = "iPhone Developer";
				CODE_SIGN_STYLE = Manual;
				DEVELOPMENT_TEAM = FBA457B3ZU;
				INFOPLIST_FILE = SpinKitExample/Info.plist;
				IPHONEOS_DEPLOYMENT_TARGET = 9.0;
				LD_RUNPATH_SEARCH_PATHS = (
					"$(inherited)",
					"@executable_path/Frameworks",
				);
				PRODUCT_BUNDLE_IDENTIFIER = com.elconfidencial.angela;
				PRODUCT_NAME = "$(TARGET_NAME)";
				PROVISIONING_PROFILE_SPECIFIER = "Proyecto Angela DEV";
				SWIFT_VERSION = 4.2;
				TARGETED_DEVICE_FAMILY = "1,2";
			};
			name = Debug;
		};
		B09DE70821F760A70017C93C /* Release */ = {
			isa = XCBuildConfiguration;
			baseConfigurationReference = C380925AC0D3089583CF3493 /* Pods-SpinKitExample.release.xcconfig */;
			buildSettings = {
				ALWAYS_EMBED_SWIFT_STANDARD_LIBRARIES = YES;
				ASSETCATALOG_COMPILER_APPICON_NAME = AppIcon;
				CODE_SIGN_IDENTITY = "iPhone Developer";
				CODE_SIGN_STYLE = Manual;
				DEVELOPMENT_TEAM = FBA457B3ZU;
				INFOPLIST_FILE = SpinKitExample/Info.plist;
				IPHONEOS_DEPLOYMENT_TARGET = 9.0;
				LD_RUNPATH_SEARCH_PATHS = (
					"$(inherited)",
					"@executable_path/Frameworks",
				);
				PRODUCT_BUNDLE_IDENTIFIER = com.elconfidencial.angela;
				PRODUCT_NAME = "$(TARGET_NAME)";
				PROVISIONING_PROFILE_SPECIFIER = "Proyecto Angela DEV";
				SWIFT_VERSION = 4.2;
				TARGETED_DEVICE_FAMILY = "1,2";
			};
			name = Release;
		};
/* End XCBuildConfiguration section */

/* Begin XCConfigurationList section */
		B01774A72208DF0C002BEB9E /* Build configuration list for PBXNativeTarget "SpinKit" */ = {
			isa = XCConfigurationList;
			buildConfigurations = (
				B01774A52208DF0C002BEB9E /* Debug */,
				B01774A62208DF0C002BEB9E /* Release */,
			);
			defaultConfigurationIsVisible = 0;
			defaultConfigurationName = Release;
		};
		B09DE6EF21F760A60017C93C /* Build configuration list for PBXProject "SpinKitExample" */ = {
			isa = XCConfigurationList;
			buildConfigurations = (
				B09DE70421F760A70017C93C /* Debug */,
				B09DE70521F760A70017C93C /* Release */,
			);
			defaultConfigurationIsVisible = 0;
			defaultConfigurationName = Release;
		};
		B09DE70621F760A70017C93C /* Build configuration list for PBXNativeTarget "SpinKitExample" */ = {
			isa = XCConfigurationList;
			buildConfigurations = (
				B09DE70721F760A70017C93C /* Debug */,
				B09DE70821F760A70017C93C /* Release */,
			);
			defaultConfigurationIsVisible = 0;
			defaultConfigurationName = Release;
		};
/* End XCConfigurationList section */
	};
	rootObject = B09DE6EC21F760A60017C93C /* Project object */;
}
